// !$*UTF8*$!
{
	archiveVersion = 1;
	classes = {
	};
	objectVersion = 46;
	objects = {

/* Begin PBXBuildFile section */
		5E2754E31DBFE3E9006C746F /* AppDelegate.swift in Sources */ = {isa = PBXBuildFile; fileRef = 5E2754E21DBFE3E9006C746F /* AppDelegate.swift */; };
		5E2754E51DBFE3E9006C746F /* ViewController.swift in Sources */ = {isa = PBXBuildFile; fileRef = 5E2754E41DBFE3E9006C746F /* ViewController.swift */; };
		5E2754E81DBFE3E9006C746F /* Main.storyboard in Resources */ = {isa = PBXBuildFile; fileRef = 5E2754E61DBFE3E9006C746F /* Main.storyboard */; };
		5E2754EA1DBFE3E9006C746F /* Assets.xcassets in Resources */ = {isa = PBXBuildFile; fileRef = 5E2754E91DBFE3E9006C746F /* Assets.xcassets */; };
		5E2754ED1DBFE3E9006C746F /* LaunchScreen.storyboard in Resources */ = {isa = PBXBuildFile; fileRef = 5E2754EB1DBFE3E9006C746F /* LaunchScreen.storyboard */; };
		5E2754F51DBFE5CB006C746F /* Card.swift in Sources */ = {isa = PBXBuildFile; fileRef = 5E2754F41DBFE5CB006C746F /* Card.swift */; };
		5E2754F71DBFE5F8006C746F /* PlayingCard.swift in Sources */ = {isa = PBXBuildFile; fileRef = 5E2754F61DBFE5F8006C746F /* PlayingCard.swift */; };
		5E3E5D971DD65721008EAB32 /* StupidGame.swift in Sources */ = {isa = PBXBuildFile; fileRef = 5E3E5D961DD65721008EAB32 /* StupidGame.swift */; };
		5E8078421DCA770700AE9B82 /* CardGameController.swift in Sources */ = {isa = PBXBuildFile; fileRef = 5E8078411DCA770700AE9B82 /* CardGameController.swift */; };
		5EA5DC641DC7C594005CDD86 /* Deck.swift in Sources */ = {isa = PBXBuildFile; fileRef = 5EA5DC631DC7C594005CDD86 /* Deck.swift */; };
		5EA5DC661DC7C59E005CDD86 /* PlayingCardDeck.swift in Sources */ = {isa = PBXBuildFile; fileRef = 5EA5DC651DC7C59E005CDD86 /* PlayingCardDeck.swift */; };
/* End PBXBuildFile section */

/* Begin PBXFileReference section */
		5E2754DF1DBFE3E9006C746F /* CardGame.app */ = {isa = PBXFileReference; explicitFileType = wrapper.application; includeInIndex = 0; path = CardGame.app; sourceTree = BUILT_PRODUCTS_DIR; };
		5E2754E21DBFE3E9006C746F /* AppDelegate.swift */ = {isa = PBXFileReference; lastKnownFileType = sourcecode.swift; path = AppDelegate.swift; sourceTree = "<group>"; };
		5E2754E41DBFE3E9006C746F /* ViewController.swift */ = {isa = PBXFileReference; lastKnownFileType = sourcecode.swift; path = ViewController.swift; sourceTree = "<group>"; };
		5E2754E71DBFE3E9006C746F /* Base */ = {isa = PBXFileReference; lastKnownFileType = file.storyboard; name = Base; path = Base.lproj/Main.storyboard; sourceTree = "<group>"; };
		5E2754E91DBFE3E9006C746F /* Assets.xcassets */ = {isa = PBXFileReference; lastKnownFileType = folder.assetcatalog; path = Assets.xcassets; sourceTree = "<group>"; };
		5E2754EC1DBFE3E9006C746F /* Base */ = {isa = PBXFileReference; lastKnownFileType = file.storyboard; name = Base; path = Base.lproj/LaunchScreen.storyboard; sourceTree = "<group>"; };
		5E2754EE1DBFE3E9006C746F /* Info.plist */ = {isa = PBXFileReference; lastKnownFileType = text.plist.xml; path = Info.plist; sourceTree = "<group>"; };
		5E2754F41DBFE5CB006C746F /* Card.swift */ = {isa = PBXFileReference; fileEncoding = 4; lastKnownFileType = sourcecode.swift; name = Card.swift; path = Model/Card.swift; sourceTree = "<group>"; };
		5E2754F61DBFE5F8006C746F /* PlayingCard.swift */ = {isa = PBXFileReference; fileEncoding = 4; lastKnownFileType = sourcecode.swift; name = PlayingCard.swift; path = Model/PlayingCard.swift; sourceTree = "<group>"; };
		5E3E5D961DD65721008EAB32 /* StupidGame.swift */ = {isa = PBXFileReference; fileEncoding = 4; lastKnownFileType = sourcecode.swift; name = StupidGame.swift; path = Model/StupidGame.swift; sourceTree = "<group>"; };
		5E8078411DCA770700AE9B82 /* CardGameController.swift */ = {isa = PBXFileReference; fileEncoding = 4; lastKnownFileType = sourcecode.swift; path = CardGameController.swift; sourceTree = "<group>"; };
		5EA5DC631DC7C594005CDD86 /* Deck.swift */ = {isa = PBXFileReference; fileEncoding = 4; lastKnownFileType = sourcecode.swift; path = Deck.swift; sourceTree = "<group>"; };
		5EA5DC651DC7C59E005CDD86 /* PlayingCardDeck.swift */ = {isa = PBXFileReference; fileEncoding = 4; lastKnownFileType = sourcecode.swift; path = PlayingCardDeck.swift; sourceTree = "<group>"; };
/* End PBXFileReference section */

/* Begin PBXFrameworksBuildPhase section */
		5E2754DC1DBFE3E9006C746F /* Frameworks */ = {
			isa = PBXFrameworksBuildPhase;
			buildActionMask = 2147483647;
			files = (
			);
			runOnlyForDeploymentPostprocessing = 0;
		};
/* End PBXFrameworksBuildPhase section */

/* Begin PBXGroup section */
		5E2754D61DBFE3E9006C746F = {
			isa = PBXGroup;
			children = (
				5E2754E11DBFE3E9006C746F /* CardGame */,
				5E2754E01DBFE3E9006C746F /* Products */,
			);
			sourceTree = "<group>";
		};
		5E2754E01DBFE3E9006C746F /* Products */ = {
			isa = PBXGroup;
			children = (
				5E2754DF1DBFE3E9006C746F /* CardGame.app */,
			);
			name = Products;
			sourceTree = "<group>";
		};
		5E2754E11DBFE3E9006C746F /* CardGame */ = {
			isa = PBXGroup;
			children = (
				5E8078401DCA769F00AE9B82 /* Controller */,
				5E2754E21DBFE3E9006C746F /* AppDelegate.swift */,
				5E2754E41DBFE3E9006C746F /* ViewController.swift */,
				5E2754F91DBFE687006C746F /* View */,
				5E2754EE1DBFE3E9006C746F /* Info.plist */,
				5E2754F81DBFE661006C746F /* Model */,
			);
			path = CardGame;
			sourceTree = "<group>";
		};
		5E2754F81DBFE661006C746F /* Model */ = {
			isa = PBXGroup;
			children = (
				5E2754F41DBFE5CB006C746F /* Card.swift */,
				5E2754F61DBFE5F8006C746F /* PlayingCard.swift */,
				5EA5DC631DC7C594005CDD86 /* Deck.swift */,
				5EA5DC651DC7C59E005CDD86 /* PlayingCardDeck.swift */,
				5E3E5D961DD65721008EAB32 /* StupidGame.swift */,
			);
			name = Model;
			sourceTree = "<group>";
		};
		5E2754F91DBFE687006C746F /* View */ = {
			isa = PBXGroup;
			children = (
				5E2754E61DBFE3E9006C746F /* Main.storyboard */,
				5E2754E91DBFE3E9006C746F /* Assets.xcassets */,
				5E2754EB1DBFE3E9006C746F /* LaunchScreen.storyboard */,
			);
			name = View;
			sourceTree = "<group>";
		};
		5E8078401DCA769F00AE9B82 /* Controller */ = {
			isa = PBXGroup;
			children = (
				5E8078411DCA770700AE9B82 /* CardGameController.swift */,
			);
			name = Controller;
			path = ..;
			sourceTree = "<group>";
		};
/* End PBXGroup section */

/* Begin PBXNativeTarget section */
		5E2754DE1DBFE3E9006C746F /* CardGame */ = {
			isa = PBXNativeTarget;
			buildConfigurationList = 5E2754F11DBFE3E9006C746F /* Build configuration list for PBXNativeTarget "CardGame" */;
			buildPhases = (
				5E2754DB1DBFE3E9006C746F /* Sources */,
				5E2754DC1DBFE3E9006C746F /* Frameworks */,
				5E2754DD1DBFE3E9006C746F /* Resources */,
			);
			buildRules = (
			);
			dependencies = (
			);
			name = CardGame;
			productName = CardGame;
			productReference = 5E2754DF1DBFE3E9006C746F /* CardGame.app */;
			productType = "com.apple.product-type.application";
		};
/* End PBXNativeTarget section */

/* Begin PBXProject section */
		5E2754D71DBFE3E9006C746F /* Project object */ = {
			isa = PBXProject;
			attributes = {
				LastSwiftUpdateCheck = 0720;
				LastUpgradeCheck = 0720;
				ORGANIZATIONNAME = "Tschetter, Benjamin";
				TargetAttributes = {
					5E2754DE1DBFE3E9006C746F = {
						CreatedOnToolsVersion = 7.2;
					};
				};
			};
			buildConfigurationList = 5E2754DA1DBFE3E9006C746F /* Build configuration list for PBXProject "CardGame" */;
			compatibilityVersion = "Xcode 3.2";
			developmentRegion = English;
			hasScannedForEncodings = 0;
			knownRegions = (
				en,
				Base,
			);
			mainGroup = 5E2754D61DBFE3E9006C746F;
			productRefGroup = 5E2754E01DBFE3E9006C746F /* Products */;
			projectDirPath = "";
			projectRoot = "";
			targets = (
				5E2754DE1DBFE3E9006C746F /* CardGame */,
			);
		};
/* End PBXProject section */

/* Begin PBXResourcesBuildPhase section */
		5E2754DD1DBFE3E9006C746F /* Resources */ = {
			isa = PBXResourcesBuildPhase;
			buildActionMask = 2147483647;
			files = (
				5E2754ED1DBFE3E9006C746F /* LaunchScreen.storyboard in Resources */,
				5E2754EA1DBFE3E9006C746F /* Assets.xcassets in Resources */,
				5E2754E81DBFE3E9006C746F /* Main.storyboard in Resources */,
			);
			runOnlyForDeploymentPostprocessing = 0;
		};
/* End PBXResourcesBuildPhase section */

/* Begin PBXSourcesBuildPhase section */
		5E2754DB1DBFE3E9006C746F /* Sources */ = {
			isa = PBXSourcesBuildPhase;
			buildActionMask = 2147483647;
			files = (
				5E2754E51DBFE3E9006C746F /* ViewController.swift in Sources */,
				5E2754F51DBFE5CB006C746F /* Card.swift in Sources */,
				5E8078421DCA770700AE9B82 /* CardGameController.swift in Sources */,
				5EA5DC641DC7C594005CDD86 /* Deck.swift in Sources */,
				5EA5DC661DC7C59E005CDD86 /* PlayingCardDeck.swift in Sources */,
				5E2754F71DBFE5F8006C746F /* PlayingCard.swift in Sources */,
				5E3E5D971DD65721008EAB32 /* StupidGame.swift in Sources */,
				5E2754E31DBFE3E9006C746F /* AppDelegate.swift in Sources */,
			);
			runOnlyForDeploymentPostprocessing = 0;
		};
/* End PBXSourcesBuildPhase section */

/* Begin PBXVariantGroup section */
		5E2754E61DBFE3E9006C746F /* Main.storyboard */ = {
			isa = PBXVariantGroup;
			children = (
				5E2754E71DBFE3E9006C746F /* Base */,
			);
			name = Main.storyboard;
			sourceTree = "<group>";
		};
		5E2754EB1DBFE3E9006C746F /* LaunchScreen.storyboard */ = {
			isa = PBXVariantGroup;
			children = (
				5E2754EC1DBFE3E9006C746F /* Base */,
			);
			name = LaunchScreen.storyboard;
			sourceTree = "<group>";
		};
/* End PBXVariantGroup section */

/* Begin XCBuildConfiguration section */
		5E2754EF1DBFE3E9006C746F /* Debug */ = {
			isa = XCBuildConfiguration;
			buildSettings = {
				ALWAYS_SEARCH_USER_PATHS = NO;
				CLANG_CXX_LANGUAGE_STANDARD = "gnu++0x";
				CLANG_CXX_LIBRARY = "libc++";
				CLANG_ENABLE_MODULES = YES;
				CLANG_ENABLE_OBJC_ARC = YES;
				CLANG_WARN_BOOL_CONVERSION = YES;
				CLANG_WARN_CONSTANT_CONVERSION = YES;
				CLANG_WARN_DIRECT_OBJC_ISA_USAGE = YES_ERROR;
				CLANG_WARN_EMPTY_BODY = YES;
				CLANG_WARN_ENUM_CONVERSION = YES;
				CLANG_WARN_INT_CONVERSION = YES;
				CLANG_WARN_OBJC_ROOT_CLASS = YES_ERROR;
				CLANG_WARN_UNREACHABLE_CODE = YES;
				CLANG_WARN__DUPLICATE_METHOD_MATCH = YES;
				"CODE_SIGN_IDENTITY[sdk=iphoneos*]" = "iPhone Developer";
				COPY_PHASE_STRIP = NO;
				DEBUG_INFORMATION_FORMAT = dwarf;
				ENABLE_STRICT_OBJC_MSGSEND = YES;
				ENABLE_TESTABILITY = YES;
				GCC_C_LANGUAGE_STANDARD = gnu99;
				GCC_DYNAMIC_NO_PIC = NO;
				GCC_NO_COMMON_BLOCKS = YES;
				GCC_OPTIMIZATION_LEVEL = 0;
				GCC_PREPROCESSOR_DEFINITIONS = (
					"DEBUG=1",
					"$(inherited)",
				);
				GCC_WARN_64_TO_32_BIT_CONVERSION = YES;
				GCC_WARN_ABOUT_RETURN_TYPE = YES_ERROR;
				GCC_WARN_UNDECLARED_SELECTOR = YES;
				GCC_WARN_UNINITIALIZED_AUTOS = YES_AGGRESSIVE;
				GCC_WARN_UNUSED_FUNCTION = YES;
				GCC_WARN_UNUSED_VARIABLE = YES;
				IPHONEOS_DEPLOYMENT_TARGET = 9.2;
				MTL_ENABLE_DEBUG_INFO = YES;
				ONLY_ACTIVE_ARCH = YES;
				SDKROOT = iphoneos;
				SWIFT_OPTIMIZATION_LEVEL = "-Onone";
				TARGETED_DEVICE_FAMILY = "1,2";
			};
			name = Debug;
		};
		5E2754F01DBFE3E9006C746F /* Release */ = {
			isa = XCBuildConfiguration;
			buildSettings = {
				ALWAYS_SEARCH_USER_PATHS = NO;
				CLANG_CXX_LANGUAGE_STANDARD = "gnu++0x";
				CLANG_CXX_LIBRARY = "libc++";
				CLANG_ENABLE_MODULES = YES;
				CLANG_ENABLE_OBJC_ARC = YES;
				CLANG_WARN_BOOL_CONVERSION = YES;
				CLANG_WARN_CONSTANT_CONVERSION = YES;
				CLANG_WARN_DIRECT_OBJC_ISA_USAGE = YES_ERROR;
				CLANG_WARN_EMPTY_BODY = YES;
				CLANG_WARN_ENUM_CONVERSION = YES;
				CLANG_WARN_INT_CONVERSION = YES;
				CLANG_WARN_OBJC_ROOT_CLASS = YES_ERROR;
				CLANG_WARN_UNREACHABLE_CODE = YES;
				CLANG_WARN__DUPLICATE_METHOD_MATCH = YES;
				"CODE_SIGN_IDENTITY[sdk=iphoneos*]" = "iPhone Developer";
				COPY_PHASE_STRIP = NO;
				DEBUG_INFORMATION_FORMAT = "dwarf-with-dsym";
				ENABLE_NS_ASSERTIONS = NO;
				ENABLE_STRICT_OBJC_MSGSEND = YES;
				GCC_C_LANGUAGE_STANDARD = gnu99;
				GCC_NO_COMMON_BLOCKS = YES;
				GCC_WARN_64_TO_32_BIT_CONVERSION = YES;
				GCC_WARN_ABOUT_RETURN_TYPE = YES_ERROR;
				GCC_WARN_UNDECLARED_SELECTOR = YES;
				GCC_WARN_UNINITIALIZED_AUTOS = YES_AGGRESSIVE;
				GCC_WARN_UNUSED_FUNCTION = YES;
				GCC_WARN_UNUSED_VARIABLE = YES;
				IPHONEOS_DEPLOYMENT_TARGET = 9.2;
				MTL_ENABLE_DEBUG_INFO = NO;
				SDKROOT = iphoneos;
				TARGETED_DEVICE_FAMILY = "1,2";
				VALIDATE_PRODUCT = YES;
			};
			name = Release;
		};
		5E2754F21DBFE3E9006C746F /* Debug */ = {
			isa = XCBuildConfiguration;
			buildSettings = {
				ASSETCATALOG_COMPILER_APPICON_NAME = AppIcon;
				INFOPLIST_FILE = CardGame/Info.plist;
				LD_RUNPATH_SEARCH_PATHS = "$(inherited) @executable_path/Frameworks";
				PRODUCT_BUNDLE_IDENTIFIER = CTEC.CardGame;
				PRODUCT_NAME = "$(TARGET_NAME)";
			};
			name = Debug;
		};
		5E2754F31DBFE3E9006C746F /* Release */ = {
			isa = XCBuildConfiguration;
			buildSettings = {
				ASSETCATALOG_COMPILER_APPICON_NAME = AppIcon;
				INFOPLIST_FILE = CardGame/Info.plist;
				LD_RUNPATH_SEARCH_PATHS = "$(inherited) @executable_path/Frameworks";
				PRODUCT_BUNDLE_IDENTIFIER = CTEC.CardGame;
				PRODUCT_NAME = "$(TARGET_NAME)";
			};
			name = Release;
		};
/* End XCBuildConfiguration section */

/* Begin XCConfigurationList section */
		5E2754DA1DBFE3E9006C746F /* Build configuration list for PBXProject "CardGame" */ = {
			isa = XCConfigurationList;
			buildConfigurations = (
				5E2754EF1DBFE3E9006C746F /* Debug */,
				5E2754F01DBFE3E9006C746F /* Release */,
			);
			defaultConfigurationIsVisible = 0;
			defaultConfigurationName = Release;
		};
		5E2754F11DBFE3E9006C746F /* Build configuration list for PBXNativeTarget "CardGame" */ = {
			isa = XCConfigurationList;
			buildConfigurations = (
				5E2754F21DBFE3E9006C746F /* Debug */,
				5E2754F31DBFE3E9006C746F /* Release */,
			);
			defaultConfigurationIsVisible = 0;
			defaultConfigurationName = Release;
		};
/* End XCConfigurationList section */
	};
	rootObject = 5E2754D71DBFE3E9006C746F /* Project object */;
}
